{
  "name": "Payroll",
  "lockfileVersion": 3,
  "requires": true,
  "packages": {
    "": {
      "dependencies": {
        "abacatepay-nodejs-sdk": "^1.6.0"
      }
    },
    "node_modules/abacatepay-nodejs-sdk": {
      "version": "1.6.0",
      "resolved": "https://registry.npmjs.org/abacatepay-nodejs-sdk/-/abacatepay-nodejs-sdk-1.6.0.tgz",
      "integrity": "sha512-vcFfVNRVzcPr+2HarwOLeDarIbdcSjJPwYIaZExwfr3z+x5xwdHZWyCFi5m7WennmQDh9JbdEvwFJZutlyKixA==",
      "license": "MIT"
    }
  }
}
